{
  "name": "scope-package-test",
  "version": "1.0.0",
  "lockfileVersion": 1,
  "requires": true,
  "dependencies": {
    "@composi/get-type": {
      "version": "1.0.0",
      "resolved": "https://registry.npmjs.org/@composi/get-type/-/get-type-1.0.0.tgz",
      "integrity": "sha512-Ko01izG1tpzZ7e/lyIzCQB8aGj+tQJzoQ1SSPbJgDt+p1efwRS+8lA8AktJ+pFoJir2QhTZ5NwXcFNd2VUzcAw==",
      "dev": true
    }
  }
}
